
Microsoft Visual Studio Solution File, Format Version 12.00
# Visual Studio Version 17
VisualStudioVersion = 17.0.31919.166
MinimumVisualStudioVersion = 10.0.40219.1
Project("{FAE04EC0-301F-11D3-BF4B-00C04F79EFBC}") = "shoot", "shoot.csproj", "{92B8802A-D5C7-44FA-9530-7A60EA8246AF}"
EndProject
Project("{FAE04EC0-301F-11D3-BF4B-00C04F79EFBC}") = "shootBLL", "shootBLL\shootBLL.csproj", "{E206C311-D2B8-4032-8AB7-5F038C305E35}"
EndProject
Project("{FAE04EC0-301F-11D3-BF4B-00C04F79EFBC}") = "shootDAL", "shootDAL\shootDAL.csproj", "{1EF3F8E3-8630-4100-8C6C-4E628736F7B0}"
EndProject
Project("{FAE04EC0-301F-11D3-BF4B-00C04F79EFBC}") = "shootModels", "shootModels\shootModels.csproj", "{06429168-3F81-4CF6-9567-2416F22E4794}"
EndProject
Project("{54435603-DBB4-11D2-8724-00A0C9A8B90C}") = "Setup1", "..\Setup1\Setup1.vdproj", "{7D92D843-10F3-4FCA-9648-5C55CF0710B5}"
EndProject
Global
	GlobalSection(SolutionConfigurationPlatforms) = preSolution
		Debug|Any CPU = Debug|Any CPU
		Release|Any CPU = Release|Any CPU
	EndGlobalSection
	GlobalSection(ProjectConfigurationPlatforms) = postSolution
		{92B8802A-D5C7-44FA-9530-7A60EA8246AF}.Debug|Any CPU.ActiveCfg = Debug|Any CPU
		{92B8802A-D5C7-44FA-9530-7A60EA8246AF}.Debug|Any CPU.Build.0 = Debug|Any CPU
		{92B8802A-D5C7-44FA-9530-7A60EA8246AF}.Release|Any CPU.ActiveCfg = Release|Any CPU
		{92B8802A-D5C7-44FA-9530-7A60EA8246AF}.Release|Any CPU.Build.0 = Release|Any CPU
		{E206C311-D2B8-4032-8AB7-5F038C305E35}.Debug|Any CPU.ActiveCfg = Debug|Any CPU
		{E206C311-D2B8-4032-8AB7-5F038C305E35}.Debug|Any CPU.Build.0 = Debug|Any CPU
		{E206C311-D2B8-4032-8AB7-5F038C305E35}.Release|Any CPU.ActiveCfg = Release|Any CPU
		{E206C311-D2B8-4032-8AB7-5F038C305E35}.Release|Any CPU.Build.0 = Release|Any CPU
		{1EF3F8E3-8630-4100-8C6C-4E628736F7B0}.Debug|Any CPU.ActiveCfg = Debug|Any CPU
		{1EF3F8E3-8630-4100-8C6C-4E628736F7B0}.Debug|Any CPU.Build.0 = Debug|Any CPU
		{1EF3F8E3-8630-4100-8C6C-4E628736F7B0}.Release|Any CPU.ActiveCfg = Release|Any CPU
		{1EF3F8E3-8630-4100-8C6C-4E628736F7B0}.Release|Any CPU.Build.0 = Release|Any CPU
		{06429168-3F81-4CF6-9567-2416F22E4794}.Debug|Any CPU.ActiveCfg = Debug|Any CPU
		{06429168-3F81-4CF6-9567-2416F22E4794}.Debug|Any CPU.Build.0 = Debug|Any CPU
		{06429168-3F81-4CF6-9567-2416F22E4794}.Release|Any CPU.ActiveCfg = Release|Any CPU
		{06429168-3F81-4CF6-9567-2416F22E4794}.Release|Any CPU.Build.0 = Release|Any CPU
		{7D92D843-10F3-4FCA-9648-5C55CF0710B5}.Debug|Any CPU.ActiveCfg = Debug
		{7D92D843-10F3-4FCA-9648-5C55CF0710B5}.Release|Any CPU.ActiveCfg = Release
	EndGlobalSection
	GlobalSection(SolutionProperties) = preSolution
		HideSolutionNode = FALSE
	EndGlobalSection
	GlobalSection(ExtensibilityGlobals) = postSolution
		SolutionGuid = {134D4812-310D-4E64-8B59-4D96503BFADF}
	EndGlobalSection
EndGlobal
