
Microsoft Visual Studio Solution File, Format Version 12.00
# Visual Studio Version 17
VisualStudioVersion = 17.0.31919.166
MinimumVisualStudioVersion = 10.0.40219.1
Project("{FAE04EC0-301F-11D3-BF4B-00C04F79EFBC}") = "shoot", "shoot.csproj", "{92B8802A-D5C7-44FA-9530-7A60EA8246AF}"
EndProject
Project("{FAE04EC0-301F-11D3-BF4B-00C04F79EFBC}") = "shootBLL", "..\shootBLL\shootBLL.csproj", "{6C3D89D0-40DC-47E3-B720-3D1F4AD811C6}"
EndProject
Project("{FAE04EC0-301F-11D3-BF4B-00C04F79EFBC}") = "shootDAL", "..\shootDAL\shootDAL.csproj", "{7262C26A-CA86-477F-B002-5428FBA6A32E}"
EndProject
Global
	GlobalSection(SolutionConfigurationPlatforms) = preSolution
		Debug|Any CPU = Debug|Any CPU
		Release|Any CPU = Release|Any CPU
	EndGlobalSection
	GlobalSection(ProjectConfigurationPlatforms) = postSolution
		{92B8802A-D5C7-44FA-9530-7A60EA8246AF}.Debug|Any CPU.ActiveCfg = Debug|Any CPU
		{92B8802A-D5C7-44FA-9530-7A60EA8246AF}.Debug|Any CPU.Build.0 = Debug|Any CPU
		{92B8802A-D5C7-44FA-9530-7A60EA8246AF}.Release|Any CPU.ActiveCfg = Release|Any CPU
		{92B8802A-D5C7-44FA-9530-7A60EA8246AF}.Release|Any CPU.Build.0 = Release|Any CPU
		{6C3D89D0-40DC-47E3-B720-3D1F4AD811C6}.Debug|Any CPU.ActiveCfg = Debug|Any CPU
		{6C3D89D0-40DC-47E3-B720-3D1F4AD811C6}.Debug|Any CPU.Build.0 = Debug|Any CPU
		{6C3D89D0-40DC-47E3-B720-3D1F4AD811C6}.Release|Any CPU.ActiveCfg = Release|Any CPU
		{6C3D89D0-40DC-47E3-B720-3D1F4AD811C6}.Release|Any CPU.Build.0 = Release|Any CPU
		{7262C26A-CA86-477F-B002-5428FBA6A32E}.Debug|Any CPU.ActiveCfg = Debug|Any CPU
		{7262C26A-CA86-477F-B002-5428FBA6A32E}.Debug|Any CPU.Build.0 = Debug|Any CPU
		{7262C26A-CA86-477F-B002-5428FBA6A32E}.Release|Any CPU.ActiveCfg = Release|Any CPU
		{7262C26A-CA86-477F-B002-5428FBA6A32E}.Release|Any CPU.Build.0 = Release|Any CPU
	EndGlobalSection
	GlobalSection(SolutionProperties) = preSolution
		HideSolutionNode = FALSE
	EndGlobalSection
	GlobalSection(ExtensibilityGlobals) = postSolution
		SolutionGuid = {134D4812-310D-4E64-8B59-4D96503BFADF}
	EndGlobalSection
EndGlobal
